
Microsoft Visual Studio Solution File, Format Version 12.00
# Visual Studio 15
VisualStudioVersion = 15.0.27703.2042
MinimumVisualStudioVersion = 10.0.40219.1
Project("{FAE04EC0-301F-11D3-BF4B-00C04F79EFBC}") = "AssemblyPublicizer", "AssemblyPublicizer\AssemblyPublicizer.csproj", "{82206A7B-CAA3-4FF9-BBBD-D88B3AAA7BA4}"
EndProject
Global
	GlobalSection(SolutionConfigurationPlatforms) = preSolution
		Debug|Any CPU = Debug|Any CPU
		Release|Any CPU = Release|Any CPU
	EndGlobalSection
	GlobalSection(ProjectConfigurationPlatforms) = postSolution
		{82206A7B-CAA3-4FF9-BBBD-D88B3AAA7BA4}.Debug|Any CPU.ActiveCfg = Debug|Any CPU
		{82206A7B-CAA3-4FF9-BBBD-D88B3AAA7BA4}.Debug|Any CPU.Build.0 = Debug|Any CPU
		{82206A7B-CAA3-4FF9-BBBD-D88B3AAA7BA4}.Release|Any CPU.ActiveCfg = Release|Any CPU
		{82206A7B-CAA3-4FF9-BBBD-D88B3AAA7BA4}.Release|Any CPU.Build.0 = Release|Any CPU
	EndGlobalSection
	GlobalSection(SolutionProperties) = preSolution
		HideSolutionNode = FALSE
	EndGlobalSection
	GlobalSection(ExtensibilityGlobals) = postSolution
		SolutionGuid = {66315741-B317-4582-BB17-1B2ED4A3AC04}
	EndGlobalSection
EndGlobal
